
Microsoft Visual Studio Solution File, Format Version 12.00
# Visual Studio Version 17
VisualStudioVersion = 17.8.34316.72
MinimumVisualStudioVersion = 10.0.40219.1
Project("{FAE04EC0-301F-11D3-BF4B-00C04F79EFBC}") = "MathToolsWeb", "MathToolsWeb\MathToolsWeb.csproj", "{C0FBA3D5-AEBA-45A4-BC74-71EA677EA25B}"
EndProject
Global
	GlobalSection(SolutionConfigurationPlatforms) = preSolution
		Debug|Any CPU = Debug|Any CPU
		Release|Any CPU = Release|Any CPU
	EndGlobalSection
	GlobalSection(ProjectConfigurationPlatforms) = postSolution
		{C0FBA3D5-AEBA-45A4-BC74-71EA677EA25B}.Debug|Any CPU.ActiveCfg = Debug|Any CPU
		{C0FBA3D5-AEBA-45A4-BC74-71EA677EA25B}.Debug|Any CPU.Build.0 = Debug|Any CPU
		{C0FBA3D5-AEBA-45A4-BC74-71EA677EA25B}.Release|Any CPU.ActiveCfg = Release|Any CPU
		{C0FBA3D5-AEBA-45A4-BC74-71EA677EA25B}.Release|Any CPU.Build.0 = Release|Any CPU
	EndGlobalSection
	GlobalSection(SolutionProperties) = preSolution
		HideSolutionNode = FALSE
	EndGlobalSection
	GlobalSection(ExtensibilityGlobals) = postSolution
		SolutionGuid = {EDFBA66C-DA7F-425F-A526-F3208A27B416}
	EndGlobalSection
EndGlobal
